
Microsoft Visual Studio Solution File, Format Version 12.00
# Visual Studio Version 17
VisualStudioVersion = 17.6.33723.286
MinimumVisualStudioVersion = 10.0.40219.1
Project("{FAE04EC0-301F-11D3-BF4B-00C04F79EFBC}") = "Gustation", "Gustation.csproj", "{DE6A8BAC-E6C9-46CA-B835-B28CEDFCE225}"
EndProject
Global
	GlobalSection(SolutionConfigurationPlatforms) = preSolution
		Debug|Any CPU = Debug|Any CPU
		Release|Any CPU = Release|Any CPU
	EndGlobalSection
	GlobalSection(ProjectConfigurationPlatforms) = postSolution
		{DE6A8BAC-E6C9-46CA-B835-B28CEDFCE225}.Debug|Any CPU.ActiveCfg = Debug|Any CPU
		{DE6A8BAC-E6C9-46CA-B835-B28CEDFCE225}.Debug|Any CPU.Build.0 = Debug|Any CPU
		{DE6A8BAC-E6C9-46CA-B835-B28CEDFCE225}.Release|Any CPU.ActiveCfg = Release|Any CPU
		{DE6A8BAC-E6C9-46CA-B835-B28CEDFCE225}.Release|Any CPU.Build.0 = Release|Any CPU
	EndGlobalSection
	GlobalSection(SolutionProperties) = preSolution
		HideSolutionNode = FALSE
	EndGlobalSection
	GlobalSection(ExtensibilityGlobals) = postSolution
		SolutionGuid = {3B927257-6E5A-4B51-A193-B4D97F33240A}
	EndGlobalSection
EndGlobal
