
Microsoft Visual Studio Solution File, Format Version 12.00
# Visual Studio Version 17
VisualStudioVersion = 17.6.33723.286
MinimumVisualStudioVersion = 10.0.40219.1
Project("{FAE04EC0-301F-11D3-BF4B-00C04F79EFBC}") = "23.06.15 JungProgram", "23.06.15 JungProgram.csproj", "{454D2D5E-3EDF-4C49-8045-B809E412F7EC}"
EndProject
Global
	GlobalSection(SolutionConfigurationPlatforms) = preSolution
		Debug|Any CPU = Debug|Any CPU
		Release|Any CPU = Release|Any CPU
	EndGlobalSection
	GlobalSection(ProjectConfigurationPlatforms) = postSolution
		{454D2D5E-3EDF-4C49-8045-B809E412F7EC}.Debug|Any CPU.ActiveCfg = Debug|Any CPU
		{454D2D5E-3EDF-4C49-8045-B809E412F7EC}.Debug|Any CPU.Build.0 = Debug|Any CPU
		{454D2D5E-3EDF-4C49-8045-B809E412F7EC}.Release|Any CPU.ActiveCfg = Release|Any CPU
		{454D2D5E-3EDF-4C49-8045-B809E412F7EC}.Release|Any CPU.Build.0 = Release|Any CPU
	EndGlobalSection
	GlobalSection(SolutionProperties) = preSolution
		HideSolutionNode = FALSE
	EndGlobalSection
	GlobalSection(ExtensibilityGlobals) = postSolution
		SolutionGuid = {DE5F1327-A2D8-4FED-A99D-E7312E5791D1}
	EndGlobalSection
EndGlobal
